// !$*UTF8*$!
{
	archiveVersion = 1;
	classes = {
	};
	objectVersion = 55;
	objects = {

/* Begin PBXBuildFile section */
		66F992AC292D62570001E740 /* PocketNewsApp.swift in Sources */ = {isa = PBXBuildFile; fileRef = 66F992AB292D62570001E740 /* PocketNewsApp.swift */; };
		66F992AE292D62570001E740 /* PocketNewsListView.swift in Sources */ = {isa = PBXBuildFile; fileRef = 66F992AD292D62570001E740 /* PocketNewsListView.swift */; };
		66F992B0292D62590001E740 /* Assets.xcassets in Resources */ = {isa = PBXBuildFile; fileRef = 66F992AF292D62590001E740 /* Assets.xcassets */; };
		66F992B3292D62590001E740 /* Preview Assets.xcassets in Resources */ = {isa = PBXBuildFile; fileRef = 66F992B2292D62590001E740 /* Preview Assets.xcassets */; };
		66F992BD292D62590001E740 /* PocketNewsTests.swift in Sources */ = {isa = PBXBuildFile; fileRef = 66F992BC292D62590001E740 /* PocketNewsTests.swift */; };
		66F992C7292D62590001E740 /* PocketNewsUITests.swift in Sources */ = {isa = PBXBuildFile; fileRef = 66F992C6292D62590001E740 /* PocketNewsUITests.swift */; };
		66F992C9292D62590001E740 /* PocketNewsUITestsLaunchTests.swift in Sources */ = {isa = PBXBuildFile; fileRef = 66F992C8292D62590001E740 /* PocketNewsUITestsLaunchTests.swift */; };
		66F992D8292D76C40001E740 /* PocketNewsController.swift in Sources */ = {isa = PBXBuildFile; fileRef = 66F992D7292D76C40001E740 /* PocketNewsController.swift */; };
		66F992DB292D824F0001E740 /* NytAPI.swift in Sources */ = {isa = PBXBuildFile; fileRef = 66F992DA292D824F0001E740 /* NytAPI.swift */; };
		FE9EFC92292E28BF00BD62C6 /* Info.plist in Resources */ = {isa = PBXBuildFile; fileRef = 66F992DC292D84990001E740 /* Info.plist */; };
		FE9EFC94292E383100BD62C6 /* NetworkErrors.swift in Sources */ = {isa = PBXBuildFile; fileRef = FE9EFC93292E383100BD62C6 /* NetworkErrors.swift */; };
/* End PBXBuildFile section */

/* Begin PBXContainerItemProxy section */
		66F992B9292D62590001E740 /* PBXContainerItemProxy */ = {
			isa = PBXContainerItemProxy;
			containerPortal = 66F992A0292D62570001E740 /* Project object */;
			proxyType = 1;
			remoteGlobalIDString = 66F992A7292D62570001E740;
			remoteInfo = PocketNews;
		};
		66F992C3292D62590001E740 /* PBXContainerItemProxy */ = {
			isa = PBXContainerItemProxy;
			containerPortal = 66F992A0292D62570001E740 /* Project object */;
			proxyType = 1;
			remoteGlobalIDString = 66F992A7292D62570001E740;
			remoteInfo = PocketNews;
		};
/* End PBXContainerItemProxy section */

/* Begin PBXFileReference section */
		66F992A8292D62570001E740 /* PocketNews.app */ = {isa = PBXFileReference; explicitFileType = wrapper.application; includeInIndex = 0; path = PocketNews.app; sourceTree = BUILT_PRODUCTS_DIR; };
		66F992AB292D62570001E740 /* PocketNewsApp.swift */ = {isa = PBXFileReference; lastKnownFileType = sourcecode.swift; path = PocketNewsApp.swift; sourceTree = "<group>"; };
		66F992AD292D62570001E740 /* PocketNewsListView.swift */ = {isa = PBXFileReference; lastKnownFileType = sourcecode.swift; path = PocketNewsListView.swift; sourceTree = "<group>"; };
		66F992AF292D62590001E740 /* Assets.xcassets */ = {isa = PBXFileReference; lastKnownFileType = folder.assetcatalog; path = Assets.xcassets; sourceTree = "<group>"; };
		66F992B2292D62590001E740 /* Preview Assets.xcassets */ = {isa = PBXFileReference; lastKnownFileType = folder.assetcatalog; path = "Preview Assets.xcassets"; sourceTree = "<group>"; };
		66F992B8292D62590001E740 /* PocketNewsTests.xctest */ = {isa = PBXFileReference; explicitFileType = wrapper.cfbundle; includeInIndex = 0; path = PocketNewsTests.xctest; sourceTree = BUILT_PRODUCTS_DIR; };
		66F992BC292D62590001E740 /* PocketNewsTests.swift */ = {isa = PBXFileReference; lastKnownFileType = sourcecode.swift; path = PocketNewsTests.swift; sourceTree = "<group>"; };
		66F992C2292D62590001E740 /* PocketNewsUITests.xctest */ = {isa = PBXFileReference; explicitFileType = wrapper.cfbundle; includeInIndex = 0; path = PocketNewsUITests.xctest; sourceTree = BUILT_PRODUCTS_DIR; };
		66F992C6292D62590001E740 /* PocketNewsUITests.swift */ = {isa = PBXFileReference; lastKnownFileType = sourcecode.swift; path = PocketNewsUITests.swift; sourceTree = "<group>"; };
		66F992C8292D62590001E740 /* PocketNewsUITestsLaunchTests.swift */ = {isa = PBXFileReference; lastKnownFileType = sourcecode.swift; path = PocketNewsUITestsLaunchTests.swift; sourceTree = "<group>"; };
		66F992D7292D76C40001E740 /* PocketNewsController.swift */ = {isa = PBXFileReference; lastKnownFileType = sourcecode.swift; path = PocketNewsController.swift; sourceTree = "<group>"; };
		66F992DA292D824F0001E740 /* NytAPI.swift */ = {isa = PBXFileReference; lastKnownFileType = sourcecode.swift; path = NytAPI.swift; sourceTree = "<group>"; };
		66F992DC292D84990001E740 /* Info.plist */ = {isa = PBXFileReference; lastKnownFileType = text.plist; path = Info.plist; sourceTree = "<group>"; };
		FE9EFC93292E383100BD62C6 /* NetworkErrors.swift */ = {isa = PBXFileReference; lastKnownFileType = sourcecode.swift; path = NetworkErrors.swift; sourceTree = "<group>"; };
/* End PBXFileReference section */

/* Begin PBXFrameworksBuildPhase section */
		66F992A5292D62570001E740 /* Frameworks */ = {
			isa = PBXFrameworksBuildPhase;
			buildActionMask = 2147483647;
			files = (
			);
			runOnlyForDeploymentPostprocessing = 0;
		};
		66F992B5292D62590001E740 /* Frameworks */ = {
			isa = PBXFrameworksBuildPhase;
			buildActionMask = 2147483647;
			files = (
			);
			runOnlyForDeploymentPostprocessing = 0;
		};
		66F992BF292D62590001E740 /* Frameworks */ = {
			isa = PBXFrameworksBuildPhase;
			buildActionMask = 2147483647;
			files = (
			);
			runOnlyForDeploymentPostprocessing = 0;
		};
/* End PBXFrameworksBuildPhase section */

/* Begin PBXGroup section */
		66F9929F292D62570001E740 = {
			isa = PBXGroup;
			children = (
				66F992AA292D62570001E740 /* PocketNews */,
				66F992BB292D62590001E740 /* PocketNewsTests */,
				66F992C5292D62590001E740 /* PocketNewsUITests */,
				66F992A9292D62570001E740 /* Products */,
			);
			sourceTree = "<group>";
		};
		66F992A9292D62570001E740 /* Products */ = {
			isa = PBXGroup;
			children = (
				66F992A8292D62570001E740 /* PocketNews.app */,
				66F992B8292D62590001E740 /* PocketNewsTests.xctest */,
				66F992C2292D62590001E740 /* PocketNewsUITests.xctest */,
			);
			name = Products;
			sourceTree = "<group>";
		};
		66F992AA292D62570001E740 /* PocketNews */ = {
			isa = PBXGroup;
			children = (
				FE9EFC95292E597300BD62C6 /* Extension */,
				66F992DC292D84990001E740 /* Info.plist */,
				66F992D9292D81FF0001E740 /* Service */,
				66F992AB292D62570001E740 /* PocketNewsApp.swift */,
				66F992D5292D72CB0001E740 /* View */,
				66F992D6292D76470001E740 /* Controller */,
				66F992AF292D62590001E740 /* Assets.xcassets */,
				66F992B1292D62590001E740 /* Preview Content */,
			);
			path = PocketNews;
			sourceTree = "<group>";
		};
		66F992B1292D62590001E740 /* Preview Content */ = {
			isa = PBXGroup;
			children = (
				66F992B2292D62590001E740 /* Preview Assets.xcassets */,
			);
			path = "Preview Content";
			sourceTree = "<group>";
		};
		66F992BB292D62590001E740 /* PocketNewsTests */ = {
			isa = PBXGroup;
			children = (
				66F992BC292D62590001E740 /* PocketNewsTests.swift */,
			);
			path = PocketNewsTests;
			sourceTree = "<group>";
		};
		66F992C5292D62590001E740 /* PocketNewsUITests */ = {
			isa = PBXGroup;
			children = (
				66F992C6292D62590001E740 /* PocketNewsUITests.swift */,
				66F992C8292D62590001E740 /* PocketNewsUITestsLaunchTests.swift */,
			);
			path = PocketNewsUITests;
			sourceTree = "<group>";
		};
		66F992D5292D72CB0001E740 /* View */ = {
			isa = PBXGroup;
			children = (
				66F992AD292D62570001E740 /* PocketNewsListView.swift */,
			);
			path = View;
			sourceTree = "<group>";
		};
		66F992D6292D76470001E740 /* Controller */ = {
			isa = PBXGroup;
			children = (
				66F992D7292D76C40001E740 /* PocketNewsController.swift */,
			);
			path = Controller;
			sourceTree = "<group>";
		};
		66F992D9292D81FF0001E740 /* Service */ = {
			isa = PBXGroup;
			children = (
				66F992DA292D824F0001E740 /* NytAPI.swift */,
				FE9EFC93292E383100BD62C6 /* NetworkErrors.swift */,
			);
			path = Service;
			sourceTree = "<group>";
		};
		FE9EFC95292E597300BD62C6 /* Extension */ = {
			isa = PBXGroup;
			children = (
			);
			path = Extension;
			sourceTree = "<group>";
		};
/* End PBXGroup section */

/* Begin PBXNativeTarget section */
		66F992A7292D62570001E740 /* PocketNews */ = {
			isa = PBXNativeTarget;
			buildConfigurationList = 66F992CC292D62590001E740 /* Build configuration list for PBXNativeTarget "PocketNews" */;
			buildPhases = (
				66F992A4292D62570001E740 /* Sources */,
				66F992A5292D62570001E740 /* Frameworks */,
				66F992A6292D62570001E740 /* Resources */,
			);
			buildRules = (
			);
			dependencies = (
			);
			name = PocketNews;
			productName = PocketNews;
			productReference = 66F992A8292D62570001E740 /* PocketNews.app */;
			productType = "com.apple.product-type.application";
		};
		66F992B7292D62590001E740 /* PocketNewsTests */ = {
			isa = PBXNativeTarget;
			buildConfigurationList = 66F992CF292D62590001E740 /* Build configuration list for PBXNativeTarget "PocketNewsTests" */;
			buildPhases = (
				66F992B4292D62590001E740 /* Sources */,
				66F992B5292D62590001E740 /* Frameworks */,
				66F992B6292D62590001E740 /* Resources */,
			);
			buildRules = (
			);
			dependencies = (
				66F992BA292D62590001E740 /* PBXTargetDependency */,
			);
			name = PocketNewsTests;
			productName = PocketNewsTests;
			productReference = 66F992B8292D62590001E740 /* PocketNewsTests.xctest */;
			productType = "com.apple.product-type.bundle.unit-test";
		};
		66F992C1292D62590001E740 /* PocketNewsUITests */ = {
			isa = PBXNativeTarget;
			buildConfigurationList = 66F992D2292D62590001E740 /* Build configuration list for PBXNativeTarget "PocketNewsUITests" */;
			buildPhases = (
				66F992BE292D62590001E740 /* Sources */,
				66F992BF292D62590001E740 /* Frameworks */,
				66F992C0292D62590001E740 /* Resources */,
			);
			buildRules = (
			);
			dependencies = (
				66F992C4292D62590001E740 /* PBXTargetDependency */,
			);
			name = PocketNewsUITests;
			productName = PocketNewsUITests;
			productReference = 66F992C2292D62590001E740 /* PocketNewsUITests.xctest */;
			productType = "com.apple.product-type.bundle.ui-testing";
		};
/* End PBXNativeTarget section */

/* Begin PBXProject section */
		66F992A0292D62570001E740 /* Project object */ = {
			isa = PBXProject;
			attributes = {
				BuildIndependentTargetsInParallel = 1;
				LastSwiftUpdateCheck = 1320;
				LastUpgradeCheck = 1320;
				TargetAttributes = {
					66F992A7292D62570001E740 = {
						CreatedOnToolsVersion = 13.2.1;
					};
					66F992B7292D62590001E740 = {
						CreatedOnToolsVersion = 13.2.1;
						TestTargetID = 66F992A7292D62570001E740;
					};
					66F992C1292D62590001E740 = {
						CreatedOnToolsVersion = 13.2.1;
						TestTargetID = 66F992A7292D62570001E740;
					};
				};
			};
			buildConfigurationList = 66F992A3292D62570001E740 /* Build configuration list for PBXProject "PocketNews" */;
			compatibilityVersion = "Xcode 13.0";
			developmentRegion = en;
			hasScannedForEncodings = 0;
			knownRegions = (
				en,
				Base,
			);
			mainGroup = 66F9929F292D62570001E740;
			productRefGroup = 66F992A9292D62570001E740 /* Products */;
			projectDirPath = "";
			projectRoot = "";
			targets = (
				66F992A7292D62570001E740 /* PocketNews */,
				66F992B7292D62590001E740 /* PocketNewsTests */,
				66F992C1292D62590001E740 /* PocketNewsUITests */,
			);
		};
/* End PBXProject section */

/* Begin PBXResourcesBuildPhase section */
		66F992A6292D62570001E740 /* Resources */ = {
			isa = PBXResourcesBuildPhase;
			buildActionMask = 2147483647;
			files = (
				66F992B3292D62590001E740 /* Preview Assets.xcassets in Resources */,
				66F992B0292D62590001E740 /* Assets.xcassets in Resources */,
				FE9EFC92292E28BF00BD62C6 /* Info.plist in Resources */,
			);
			runOnlyForDeploymentPostprocessing = 0;
		};
		66F992B6292D62590001E740 /* Resources */ = {
			isa = PBXResourcesBuildPhase;
			buildActionMask = 2147483647;
			files = (
			);
			runOnlyForDeploymentPostprocessing = 0;
		};
		66F992C0292D62590001E740 /* Resources */ = {
			isa = PBXResourcesBuildPhase;
			buildActionMask = 2147483647;
			files = (
			);
			runOnlyForDeploymentPostprocessing = 0;
		};
/* End PBXResourcesBuildPhase section */

/* Begin PBXSourcesBuildPhase section */
		66F992A4292D62570001E740 /* Sources */ = {
			isa = PBXSourcesBuildPhase;
			buildActionMask = 2147483647;
			files = (
				66F992DB292D824F0001E740 /* NytAPI.swift in Sources */,
				66F992AE292D62570001E740 /* PocketNewsListView.swift in Sources */,
				FE9EFC94292E383100BD62C6 /* NetworkErrors.swift in Sources */,
				66F992D8292D76C40001E740 /* PocketNewsController.swift in Sources */,
				66F992AC292D62570001E740 /* PocketNewsApp.swift in Sources */,
			);
			runOnlyForDeploymentPostprocessing = 0;
		};
		66F992B4292D62590001E740 /* Sources */ = {
			isa = PBXSourcesBuildPhase;
			buildActionMask = 2147483647;
			files = (
				66F992BD292D62590001E740 /* PocketNewsTests.swift in Sources */,
			);
			runOnlyForDeploymentPostprocessing = 0;
		};
		66F992BE292D62590001E740 /* Sources */ = {
			isa = PBXSourcesBuildPhase;
			buildActionMask = 2147483647;
			files = (
				66F992C7292D62590001E740 /* PocketNewsUITests.swift in Sources */,
				66F992C9292D62590001E740 /* PocketNewsUITestsLaunchTests.swift in Sources */,
			);
			runOnlyForDeploymentPostprocessing = 0;
		};
/* End PBXSourcesBuildPhase section */

/* Begin PBXTargetDependency section */
		66F992BA292D62590001E740 /* PBXTargetDependency */ = {
			isa = PBXTargetDependency;
			target = 66F992A7292D62570001E740 /* PocketNews */;
			targetProxy = 66F992B9292D62590001E740 /* PBXContainerItemProxy */;
		};
		66F992C4292D62590001E740 /* PBXTargetDependency */ = {
			isa = PBXTargetDependency;
			target = 66F992A7292D62570001E740 /* PocketNews */;
			targetProxy = 66F992C3292D62590001E740 /* PBXContainerItemProxy */;
		};
/* End PBXTargetDependency section */

/* Begin XCBuildConfiguration section */
		66F992CA292D62590001E740 /* Debug */ = {
			isa = XCBuildConfiguration;
			buildSettings = {
				ALWAYS_SEARCH_USER_PATHS = NO;
				CLANG_ANALYZER_NONNULL = YES;
				CLANG_ANALYZER_NUMBER_OBJECT_CONVERSION = YES_AGGRESSIVE;
				CLANG_CXX_LANGUAGE_STANDARD = "gnu++17";
				CLANG_CXX_LIBRARY = "libc++";
				CLANG_ENABLE_MODULES = YES;
				CLANG_ENABLE_OBJC_ARC = YES;
				CLANG_ENABLE_OBJC_WEAK = YES;
				CLANG_WARN_BLOCK_CAPTURE_AUTORELEASING = YES;
				CLANG_WARN_BOOL_CONVERSION = YES;
				CLANG_WARN_COMMA = YES;
				CLANG_WARN_CONSTANT_CONVERSION = YES;
				CLANG_WARN_DEPRECATED_OBJC_IMPLEMENTATIONS = YES;
				CLANG_WARN_DIRECT_OBJC_ISA_USAGE = YES_ERROR;
				CLANG_WARN_DOCUMENTATION_COMMENTS = YES;
				CLANG_WARN_EMPTY_BODY = YES;
				CLANG_WARN_ENUM_CONVERSION = YES;
				CLANG_WARN_INFINITE_RECURSION = YES;
				CLANG_WARN_INT_CONVERSION = YES;
				CLANG_WARN_NON_LITERAL_NULL_CONVERSION = YES;
				CLANG_WARN_OBJC_IMPLICIT_RETAIN_SELF = YES;
				CLANG_WARN_OBJC_LITERAL_CONVERSION = YES;
				CLANG_WARN_OBJC_ROOT_CLASS = YES_ERROR;
				CLANG_WARN_QUOTED_INCLUDE_IN_FRAMEWORK_HEADER = YES;
				CLANG_WARN_RANGE_LOOP_ANALYSIS = YES;
				CLANG_WARN_STRICT_PROTOTYPES = YES;
				CLANG_WARN_SUSPICIOUS_MOVE = YES;
				CLANG_WARN_UNGUARDED_AVAILABILITY = YES_AGGRESSIVE;
				CLANG_WARN_UNREACHABLE_CODE = YES;
				CLANG_WARN__DUPLICATE_METHOD_MATCH = YES;
				COPY_PHASE_STRIP = NO;
				DEBUG_INFORMATION_FORMAT = dwarf;
				ENABLE_STRICT_OBJC_MSGSEND = YES;
				ENABLE_TESTABILITY = YES;
				GCC_C_LANGUAGE_STANDARD = gnu11;
				GCC_DYNAMIC_NO_PIC = NO;
				GCC_NO_COMMON_BLOCKS = YES;
				GCC_OPTIMIZATION_LEVEL = 0;
				GCC_PREPROCESSOR_DEFINITIONS = (
					"DEBUG=1",
					"$(inherited)",
				);
				GCC_WARN_64_TO_32_BIT_CONVERSION = YES;
				GCC_WARN_ABOUT_RETURN_TYPE = YES_ERROR;
				GCC_WARN_UNDECLARED_SELECTOR = YES;
				GCC_WARN_UNINITIALIZED_AUTOS = YES_AGGRESSIVE;
				GCC_WARN_UNUSED_FUNCTION = YES;
				GCC_WARN_UNUSED_VARIABLE = YES;
				IPHONEOS_DEPLOYMENT_TARGET = 15.2;
				MTL_ENABLE_DEBUG_INFO = INCLUDE_SOURCE;
				MTL_FAST_MATH = YES;
				ONLY_ACTIVE_ARCH = YES;
				SDKROOT = iphoneos;
				SWIFT_ACTIVE_COMPILATION_CONDITIONS = DEBUG;
				SWIFT_OPTIMIZATION_LEVEL = "-Onone";
			};
			name = Debug;
		};
		66F992CB292D62590001E740 /* Release */ = {
			isa = XCBuildConfiguration;
			buildSettings = {
				ALWAYS_SEARCH_USER_PATHS = NO;
				CLANG_ANALYZER_NONNULL = YES;
				CLANG_ANALYZER_NUMBER_OBJECT_CONVERSION = YES_AGGRESSIVE;
				CLANG_CXX_LANGUAGE_STANDARD = "gnu++17";
				CLANG_CXX_LIBRARY = "libc++";
				CLANG_ENABLE_MODULES = YES;
				CLANG_ENABLE_OBJC_ARC = YES;
				CLANG_ENABLE_OBJC_WEAK = YES;
				CLANG_WARN_BLOCK_CAPTURE_AUTORELEASING = YES;
				CLANG_WARN_BOOL_CONVERSION = YES;
				CLANG_WARN_COMMA = YES;
				CLANG_WARN_CONSTANT_CONVERSION = YES;
				CLANG_WARN_DEPRECATED_OBJC_IMPLEMENTATIONS = YES;
				CLANG_WARN_DIRECT_OBJC_ISA_USAGE = YES_ERROR;
				CLANG_WARN_DOCUMENTATION_COMMENTS = YES;
				CLANG_WARN_EMPTY_BODY = YES;
				CLANG_WARN_ENUM_CONVERSION = YES;
				CLANG_WARN_INFINITE_RECURSION = YES;
				CLANG_WARN_INT_CONVERSION = YES;
				CLANG_WARN_NON_LITERAL_NULL_CONVERSION = YES;
				CLANG_WARN_OBJC_IMPLICIT_RETAIN_SELF = YES;
				CLANG_WARN_OBJC_LITERAL_CONVERSION = YES;
				CLANG_WARN_OBJC_ROOT_CLASS = YES_ERROR;
				CLANG_WARN_QUOTED_INCLUDE_IN_FRAMEWORK_HEADER = YES;
				CLANG_WARN_RANGE_LOOP_ANALYSIS = YES;
				CLANG_WARN_STRICT_PROTOTYPES = YES;
				CLANG_WARN_SUSPICIOUS_MOVE = YES;
				CLANG_WARN_UNGUARDED_AVAILABILITY = YES_AGGRESSIVE;
				CLANG_WARN_UNREACHABLE_CODE = YES;
				CLANG_WARN__DUPLICATE_METHOD_MATCH = YES;
				COPY_PHASE_STRIP = NO;
				DEBUG_INFORMATION_FORMAT = "dwarf-with-dsym";
				ENABLE_NS_ASSERTIONS = NO;
				ENABLE_STRICT_OBJC_MSGSEND = YES;
				GCC_C_LANGUAGE_STANDARD = gnu11;
				GCC_NO_COMMON_BLOCKS = YES;
				GCC_WARN_64_TO_32_BIT_CONVERSION = YES;
				GCC_WARN_ABOUT_RETURN_TYPE = YES_ERROR;
				GCC_WARN_UNDECLARED_SELECTOR = YES;
				GCC_WARN_UNINITIALIZED_AUTOS = YES_AGGRESSIVE;
				GCC_WARN_UNUSED_FUNCTION = YES;
				GCC_WARN_UNUSED_VARIABLE = YES;
				IPHONEOS_DEPLOYMENT_TARGET = 15.2;
				MTL_ENABLE_DEBUG_INFO = NO;
				MTL_FAST_MATH = YES;
				SDKROOT = iphoneos;
				SWIFT_COMPILATION_MODE = wholemodule;
				SWIFT_OPTIMIZATION_LEVEL = "-O";
				VALIDATE_PRODUCT = YES;
			};
			name = Release;
		};
		66F992CD292D62590001E740 /* Debug */ = {
			isa = XCBuildConfiguration;
			buildSettings = {
				ASSETCATALOG_COMPILER_APPICON_NAME = AppIcon;
				ASSETCATALOG_COMPILER_GLOBAL_ACCENT_COLOR_NAME = AccentColor;
				CODE_SIGN_STYLE = Automatic;
				CURRENT_PROJECT_VERSION = 1;
				DEVELOPMENT_ASSET_PATHS = "\"PocketNews/Preview Content\"";
				DEVELOPMENT_TEAM = HU6FFLPFS6;
				ENABLE_PREVIEWS = YES;
				GENERATE_INFOPLIST_FILE = YES;
				INFOPLIST_FILE = PocketNews/Info.plist;
				INFOPLIST_KEY_UIApplicationSceneManifest_Generation = YES;
				INFOPLIST_KEY_UIApplicationSupportsIndirectInputEvents = YES;
				INFOPLIST_KEY_UILaunchScreen_Generation = YES;
				INFOPLIST_KEY_UISupportedInterfaceOrientations_iPad = "UIInterfaceOrientationPortrait UIInterfaceOrientationPortraitUpsideDown UIInterfaceOrientationLandscapeLeft UIInterfaceOrientationLandscapeRight";
				INFOPLIST_KEY_UISupportedInterfaceOrientations_iPhone = "UIInterfaceOrientationPortrait UIInterfaceOrientationLandscapeLeft UIInterfaceOrientationLandscapeRight";
				LD_RUNPATH_SEARCH_PATHS = (
					"$(inherited)",
					"@executable_path/Frameworks",
				);
				MARKETING_VERSION = 1.0;
				PRODUCT_BUNDLE_IDENTIFIER = vais.PocketNews;
				PRODUCT_NAME = "$(TARGET_NAME)";
				SWIFT_EMIT_LOC_STRINGS = YES;
				SWIFT_VERSION = 5.0;
				TARGETED_DEVICE_FAMILY = "1,2";
			};
			name = Debug;
		};
		66F992CE292D62590001E740 /* Release */ = {
			isa = XCBuildConfiguration;
			buildSettings = {
				ASSETCATALOG_COMPILER_APPICON_NAME = AppIcon;
				ASSETCATALOG_COMPILER_GLOBAL_ACCENT_COLOR_NAME = AccentColor;
				CODE_SIGN_STYLE = Automatic;
				CURRENT_PROJECT_VERSION = 1;
				DEVELOPMENT_ASSET_PATHS = "\"PocketNews/Preview Content\"";
				DEVELOPMENT_TEAM = HU6FFLPFS6;
				ENABLE_PREVIEWS = YES;
				GENERATE_INFOPLIST_FILE = YES;
				INFOPLIST_FILE = PocketNews/Info.plist;
				INFOPLIST_KEY_UIApplicationSceneManifest_Generation = YES;
				INFOPLIST_KEY_UIApplicationSupportsIndirectInputEvents = YES;
				INFOPLIST_KEY_UILaunchScreen_Generation = YES;
				INFOPLIST_KEY_UISupportedInterfaceOrientations_iPad = "UIInterfaceOrientationPortrait UIInterfaceOrientationPortraitUpsideDown UIInterfaceOrientationLandscapeLeft UIInterfaceOrientationLandscapeRight";
				INFOPLIST_KEY_UISupportedInterfaceOrientations_iPhone = "UIInterfaceOrientationPortrait UIInterfaceOrientationLandscapeLeft UIInterfaceOrientationLandscapeRight";
				LD_RUNPATH_SEARCH_PATHS = (
					"$(inherited)",
					"@executable_path/Frameworks",
				);
				MARKETING_VERSION = 1.0;
				PRODUCT_BUNDLE_IDENTIFIER = vais.PocketNews;
				PRODUCT_NAME = "$(TARGET_NAME)";
				SWIFT_EMIT_LOC_STRINGS = YES;
				SWIFT_VERSION = 5.0;
				TARGETED_DEVICE_FAMILY = "1,2";
			};
			name = Release;
		};
		66F992D0292D62590001E740 /* Debug */ = {
			isa = XCBuildConfiguration;
			buildSettings = {
				ALWAYS_EMBED_SWIFT_STANDARD_LIBRARIES = YES;
				BUNDLE_LOADER = "$(TEST_HOST)";
				CODE_SIGN_STYLE = Automatic;
				CURRENT_PROJECT_VERSION = 1;
				DEVELOPMENT_TEAM = HU6FFLPFS6;
				GENERATE_INFOPLIST_FILE = YES;
				IPHONEOS_DEPLOYMENT_TARGET = 15.2;
				MARKETING_VERSION = 1.0;
				PRODUCT_BUNDLE_IDENTIFIER = vais.PocketNewsTests;
				PRODUCT_NAME = "$(TARGET_NAME)";
				SWIFT_EMIT_LOC_STRINGS = NO;
				SWIFT_VERSION = 5.0;
				TARGETED_DEVICE_FAMILY = "1,2";
				TEST_HOST = "$(BUILT_PRODUCTS_DIR)/PocketNews.app/PocketNews";
			};
			name = Debug;
		};
		66F992D1292D62590001E740 /* Release */ = {
			isa = XCBuildConfiguration;
			buildSettings = {
				ALWAYS_EMBED_SWIFT_STANDARD_LIBRARIES = YES;
				BUNDLE_LOADER = "$(TEST_HOST)";
				CODE_SIGN_STYLE = Automatic;
				CURRENT_PROJECT_VERSION = 1;
				DEVELOPMENT_TEAM = HU6FFLPFS6;
				GENERATE_INFOPLIST_FILE = YES;
				IPHONEOS_DEPLOYMENT_TARGET = 15.2;
				MARKETING_VERSION = 1.0;
				PRODUCT_BUNDLE_IDENTIFIER = vais.PocketNewsTests;
				PRODUCT_NAME = "$(TARGET_NAME)";
				SWIFT_EMIT_LOC_STRINGS = NO;
				SWIFT_VERSION = 5.0;
				TARGETED_DEVICE_FAMILY = "1,2";
				TEST_HOST = "$(BUILT_PRODUCTS_DIR)/PocketNews.app/PocketNews";
			};
			name = Release;
		};
		66F992D3292D62590001E740 /* Debug */ = {
			isa = XCBuildConfiguration;
			buildSettings = {
				ALWAYS_EMBED_SWIFT_STANDARD_LIBRARIES = YES;
				CODE_SIGN_STYLE = Automatic;
				CURRENT_PROJECT_VERSION = 1;
				DEVELOPMENT_TEAM = HU6FFLPFS6;
				GENERATE_INFOPLIST_FILE = YES;
				MARKETING_VERSION = 1.0;
				PRODUCT_BUNDLE_IDENTIFIER = vais.PocketNewsUITests;
				PRODUCT_NAME = "$(TARGET_NAME)";
				SWIFT_EMIT_LOC_STRINGS = NO;
				SWIFT_VERSION = 5.0;
				TARGETED_DEVICE_FAMILY = "1,2";
				TEST_TARGET_NAME = PocketNews;
			};
			name = Debug;
		};
		66F992D4292D62590001E740 /* Release */ = {
			isa = XCBuildConfiguration;
			buildSettings = {
				ALWAYS_EMBED_SWIFT_STANDARD_LIBRARIES = YES;
				CODE_SIGN_STYLE = Automatic;
				CURRENT_PROJECT_VERSION = 1;
				DEVELOPMENT_TEAM = HU6FFLPFS6;
				GENERATE_INFOPLIST_FILE = YES;
				MARKETING_VERSION = 1.0;
				PRODUCT_BUNDLE_IDENTIFIER = vais.PocketNewsUITests;
				PRODUCT_NAME = "$(TARGET_NAME)";
				SWIFT_EMIT_LOC_STRINGS = NO;
				SWIFT_VERSION = 5.0;
				TARGETED_DEVICE_FAMILY = "1,2";
				TEST_TARGET_NAME = PocketNews;
			};
			name = Release;
		};
/* End XCBuildConfiguration section */

/* Begin XCConfigurationList section */
		66F992A3292D62570001E740 /* Build configuration list for PBXProject "PocketNews" */ = {
			isa = XCConfigurationList;
			buildConfigurations = (
				66F992CA292D62590001E740 /* Debug */,
				66F992CB292D62590001E740 /* Release */,
			);
			defaultConfigurationIsVisible = 0;
			defaultConfigurationName = Release;
		};
		66F992CC292D62590001E740 /* Build configuration list for PBXNativeTarget "PocketNews" */ = {
			isa = XCConfigurationList;
			buildConfigurations = (
				66F992CD292D62590001E740 /* Debug */,
				66F992CE292D62590001E740 /* Release */,
			);
			defaultConfigurationIsVisible = 0;
			defaultConfigurationName = Release;
		};
		66F992CF292D62590001E740 /* Build configuration list for PBXNativeTarget "PocketNewsTests" */ = {
			isa = XCConfigurationList;
			buildConfigurations = (
				66F992D0292D62590001E740 /* Debug */,
				66F992D1292D62590001E740 /* Release */,
			);
			defaultConfigurationIsVisible = 0;
			defaultConfigurationName = Release;
		};
		66F992D2292D62590001E740 /* Build configuration list for PBXNativeTarget "PocketNewsUITests" */ = {
			isa = XCConfigurationList;
			buildConfigurations = (
				66F992D3292D62590001E740 /* Debug */,
				66F992D4292D62590001E740 /* Release */,
			);
			defaultConfigurationIsVisible = 0;
			defaultConfigurationName = Release;
		};
/* End XCConfigurationList section */
	};
	rootObject = 66F992A0292D62570001E740 /* Project object */;
}
